
Microsoft Visual Studio Solution File, Format Version 12.00
# Visual Studio Version 17
VisualStudioVersion = 17.14.36221.1 d17.14
MinimumVisualStudioVersion = 10.0.40219.1
Project("{FAE04EC0-301F-11D3-BF4B-00C04F79EFBC}") = "YapZone", "YapZone\YapZone.csproj", "{36302594-6903-48F8-A9F7-71889E39225E}"
EndProject
Global
	GlobalSection(SolutionConfigurationPlatforms) = preSolution
		Debug|Any CPU = Debug|Any CPU
		Release|Any CPU = Release|Any CPU
	EndGlobalSection
	GlobalSection(ProjectConfigurationPlatforms) = postSolution
		{36302594-6903-48F8-A9F7-71889E39225E}.Debug|Any CPU.ActiveCfg = Debug|Any CPU
		{36302594-6903-48F8-A9F7-71889E39225E}.Debug|Any CPU.Build.0 = Debug|Any CPU
		{36302594-6903-48F8-A9F7-71889E39225E}.Release|Any CPU.ActiveCfg = Release|Any CPU
		{36302594-6903-48F8-A9F7-71889E39225E}.Release|Any CPU.Build.0 = Release|Any CPU
	EndGlobalSection
	GlobalSection(SolutionProperties) = preSolution
		HideSolutionNode = FALSE
	EndGlobalSection
	GlobalSection(ExtensibilityGlobals) = postSolution
		SolutionGuid = {67C4BA7D-9528-4AF9-8E9F-88E3E20213CE}
	EndGlobalSection
EndGlobal
